
Microsoft Visual Studio Solution File, Format Version 12.00
# Visual Studio Version 17
VisualStudioVersion = 17.3.32922.545
MinimumVisualStudioVersion = 10.0.40219.1
Project("{FAE04EC0-301F-11D3-BF4B-00C04F79EFBC}") = "CompanyEmployees", "CompanyEmployees\CompanyEmployees.csproj", "{CC3437CA-8ABB-4D36-A4E7-63E5FD2604B4}"
EndProject
Global
	GlobalSection(SolutionConfigurationPlatforms) = preSolution
		Debug|Any CPU = Debug|Any CPU
		Release|Any CPU = Release|Any CPU
	EndGlobalSection
	GlobalSection(ProjectConfigurationPlatforms) = postSolution
		{CC3437CA-8ABB-4D36-A4E7-63E5FD2604B4}.Debug|Any CPU.ActiveCfg = Debug|Any CPU
		{CC3437CA-8ABB-4D36-A4E7-63E5FD2604B4}.Debug|Any CPU.Build.0 = Debug|Any CPU
		{CC3437CA-8ABB-4D36-A4E7-63E5FD2604B4}.Release|Any CPU.ActiveCfg = Release|Any CPU
		{CC3437CA-8ABB-4D36-A4E7-63E5FD2604B4}.Release|Any CPU.Build.0 = Release|Any CPU
	EndGlobalSection
	GlobalSection(SolutionProperties) = preSolution
		HideSolutionNode = FALSE
	EndGlobalSection
	GlobalSection(ExtensibilityGlobals) = postSolution
		SolutionGuid = {D25A4AA1-4EEC-4900-90A0-E39DDF51D04D}
	EndGlobalSection
EndGlobal
